{
  "version": 4,
  "terraform_version": "0.13.5",
  "serial": 16,
  "lineage": "beef86c1-399d-4e3a-cf31-799b547ad30c",
  "outputs": {
    "public_dns": {
      "value": "ec2-54-175-41-218.compute-1.amazonaws.com",
      "type": "string"
    }
  },
  "resources": [
    {
      "mode": "managed",
      "type": "aws_instance",
      "name": "flask_server",
      "provider": "provider[\"registry.terraform.io/hashicorp/aws\"]",
      "instances": [
        {
          "schema_version": 1,
          "attributes": {
            "ami": "ami-0947d2ba12ee1ff75",
            "arn": "arn:aws:ec2:us-east-1:776964199464:instance/i-0e0b5b5e560dffaef",
            "associate_public_ip_address": true,
            "availability_zone": "us-east-1a",
            "cpu_core_count": 1,
            "cpu_threads_per_core": 1,
            "credit_specification": [
              {
                "cpu_credits": "standard"
              }
            ],
            "disable_api_termination": false,
            "ebs_block_device": [],
            "ebs_optimized": false,
            "ephemeral_block_device": [],
            "get_password_data": false,
            "hibernation": false,
            "host_id": null,
            "iam_instance_profile": "",
            "id": "i-0e0b5b5e560dffaef",
            "instance_initiated_shutdown_behavior": null,
            "instance_state": "running",
            "instance_type": "t2.micro",
            "ipv6_address_count": 0,
            "ipv6_addresses": [],
            "key_name": "id_rsa",
            "metadata_options": [
              {
                "http_endpoint": "enabled",
                "http_put_response_hop_limit": 1,
                "http_tokens": "optional"
              }
            ],
            "monitoring": false,
            "network_interface": [],
            "outpost_arn": "",
            "password_data": "",
            "placement_group": "",
            "primary_network_interface_id": "eni-0b4d4471ba86d15b5",
            "private_dns": "ip-172-31-24-2.ec2.internal",
            "private_ip": "172.31.24.2",
            "public_dns": "ec2-54-175-41-218.compute-1.amazonaws.com",
            "public_ip": "54.175.41.218",
            "root_block_device": [
              {
                "delete_on_termination": true,
                "device_name": "/dev/xvda",
                "encrypted": false,
                "iops": 100,
                "kms_key_id": "",
                "volume_id": "vol-0da5de93c0eeb87c8",
                "volume_size": 8,
                "volume_type": "gp2"
              }
            ],
            "secondary_private_ips": [],
            "security_groups": [
              "allow_flask_and_ssh"
            ],
            "source_dest_check": true,
            "subnet_id": "subnet-136d275e",
            "tags": {},
            "tenancy": "default",
            "timeouts": null,
            "user_data": null,
            "user_data_base64": null,
            "volume_tags": {},
            "vpc_security_group_ids": [
              "sg-0ae27a789e3ec7fd4"
            ]
          },
          "private": "eyJlMmJmYjczMC1lY2FhLTExZTYtOGY4OC0zNDM2M2JjN2M0YzAiOnsiY3JlYXRlIjo2MDAwMDAwMDAwMDAsImRlbGV0ZSI6MTIwMDAwMDAwMDAwMCwidXBkYXRlIjo2MDAwMDAwMDAwMDB9LCJzY2hlbWFfdmVyc2lvbiI6IjEifQ==",
          "dependencies": [
            "aws_key_pair.one_click",
            "aws_security_group.allow_flask_and_ssh"
          ]
        }
      ]
    },
    {
      "mode": "managed",
      "type": "aws_key_pair",
      "name": "one_click",
      "provider": "provider[\"registry.terraform.io/hashicorp/aws\"]",
      "instances": [
        {
          "schema_version": 1,
          "attributes": {
            "arn": "arn:aws:ec2:us-east-1:776964199464:key-pair/id_rsa",
            "fingerprint": "ba:56:ba:1c:32:a5:a9:60:7f:20:ae:4f:1f:15:eb:d9",
            "id": "id_rsa",
            "key_name": "id_rsa",
            "key_name_prefix": null,
            "key_pair_id": "key-0ad81770f518c65ee",
            "public_key": "ssh-rsa AAAAB3NzaC1yc2EAAAADAQABAAABgQDpzMhgMVoipl4h154fwZ7H5tCBfqXJCrzvT0ffVzX4gHRpTtzb4BwoyaHqIGUvAaiMmNQ/jCu7N1qB7A6biGy59Y0ZmurnUuY+KcsMWxeGA8rSpkkBbwH1yjjEkYMo34vm0h+WBU5A1wPWSraja87fWQwCWfIdivZYvKPbILiVyNH60x/InEg+l1Ep+V8V2KV0Zj4Te3jduhqJTMurOPVawRFz/dgTHYWJALEbmraJMe2kEXuA16CZweIcAHWui3QPpir+Ereu0Rm+ZoJcrXpGxSTZEfg+/L/RHGkHxhoowzc35E1rQZI4a+iFQQ9SufaAJprdgoViqnrnpBslF2IFVyyvELApSBz5BsXkU/FeoOwJzh6v6/iX8Zw53oaBo9adY25CssHBe5fEZ7deS4iQnM4g60yzn67EDYBN9B7tq0x45lR9do5wDMKjX1zGaD/7wBwllXkiYtQu9cg1hPV10H0o2S+TAghNIN4kxHSj8ALjt5xbpLhTRH9AS7cHXF0= mac@MacBook-Pro-2.local",
            "tags": {}
          },
          "private": "eyJzY2hlbWFfdmVyc2lvbiI6IjEifQ=="
        }
      ]
    },
    {
      "mode": "managed",
      "type": "aws_security_group",
      "name": "allow_flask_and_ssh",
      "provider": "provider[\"registry.terraform.io/hashicorp/aws\"]",
      "instances": [
        {
          "schema_version": 1,
          "attributes": {
            "arn": "arn:aws:ec2:us-east-1:776964199464:security-group/sg-0ae27a789e3ec7fd4",
            "description": "Managed by Terraform",
            "egress": [
              {
                "cidr_blocks": [
                  "0.0.0.0/0"
                ],
                "description": "",
                "from_port": 0,
                "ipv6_cidr_blocks": [],
                "prefix_list_ids": [],
                "protocol": "-1",
                "security_groups": [],
                "self": false,
                "to_port": 0
              }
            ],
            "id": "sg-0ae27a789e3ec7fd4",
            "ingress": [
              {
                "cidr_blocks": [
                  "0.0.0.0/0"
                ],
                "description": "",
                "from_port": 22,
                "ipv6_cidr_blocks": [],
                "prefix_list_ids": [],
                "protocol": "tcp",
                "security_groups": [],
                "self": false,
                "to_port": 22
              },
              {
                "cidr_blocks": [
                  "0.0.0.0/0"
                ],
                "description": "",
                "from_port": 80,
                "ipv6_cidr_blocks": [],
                "prefix_list_ids": [],
                "protocol": "tcp",
                "security_groups": [],
                "self": false,
                "to_port": 80
              }
            ],
            "name": "allow_flask_and_ssh",
            "name_prefix": "",
            "owner_id": "776964199464",
            "revoke_rules_on_delete": false,
            "tags": {},
            "timeouts": null,
            "vpc_id": "vpc-9f7bace2"
          },
          "private": "eyJlMmJmYjczMC1lY2FhLTExZTYtOGY4OC0zNDM2M2JjN2M0YzAiOnsiY3JlYXRlIjo2MDAwMDAwMDAwMDAsImRlbGV0ZSI6NjAwMDAwMDAwMDAwfSwic2NoZW1hX3ZlcnNpb24iOiIxIn0="
        }
      ]
    },
    {
      "module": "module.provision_project",
      "mode": "managed",
      "type": "null_resource",
      "name": "remote_exec_from_github",
      "provider": "provider[\"registry.terraform.io/hashicorp/null\"]",
      "instances": [
        {
          "status": "tainted",
          "schema_version": 0,
          "attributes": {
            "id": "6711867620517718712",
            "triggers": null
          },
          "private": "bnVsbA==",
          "dependencies": [
            "aws_instance.flask_server"
          ]
        }
      ]
    }
  ]
}
